
Microsoft Visual Studio Solution File, Format Version 12.00
# Visual Studio Version 16
VisualStudioVersion = 16.0.32002.261
MinimumVisualStudioVersion = 10.0.40219.1
Project("{2150E333-8FDC-42A3-9474-1A3956D46DE8}") = "Services", "Services", "{730CFF76-98B7-42DC-BFB8-00736069D2A2}"
EndProject
Project("{2150E333-8FDC-42A3-9474-1A3956D46DE8}") = "Catalog", "Catalog", "{8E622C44-5DB0-44D4-963F-EE121F10E2C0}"
EndProject
Project("{9A19103F-16F7-4668-BE54-9A1E7A4F7556}") = "Catalog.API", "Services\Catalog\Catalog.API\Catalog.API.csproj", "{965624B8-A259-4345-BDE2-64912AFC99C3}"
EndProject
Project("{E53339B2-1760-4266-BCC7-CA923CBCF16C}") = "docker-compose", "docker-compose.dcproj", "{D19AE49F-55E4-41D7-8373-6E7938B50B39}"
EndProject
Project("{2150E333-8FDC-42A3-9474-1A3956D46DE8}") = "Basket", "Basket", "{D703A5D3-764B-472B-80CD-946E18DAA74C}"
EndProject
Project("{FAE04EC0-301F-11D3-BF4B-00C04F79EFBC}") = "Basket.API", "Services\Basket\Basket.API\Basket.API.csproj", "{C559A0A5-E550-466D-85B8-3F66666831B2}"
EndProject
Global
	GlobalSection(SolutionConfigurationPlatforms) = preSolution
		Debug|Any CPU = Debug|Any CPU
		Release|Any CPU = Release|Any CPU
	EndGlobalSection
	GlobalSection(ProjectConfigurationPlatforms) = postSolution
		{965624B8-A259-4345-BDE2-64912AFC99C3}.Debug|Any CPU.ActiveCfg = Debug|Any CPU
		{965624B8-A259-4345-BDE2-64912AFC99C3}.Debug|Any CPU.Build.0 = Debug|Any CPU
		{965624B8-A259-4345-BDE2-64912AFC99C3}.Release|Any CPU.ActiveCfg = Release|Any CPU
		{965624B8-A259-4345-BDE2-64912AFC99C3}.Release|Any CPU.Build.0 = Release|Any CPU
		{D19AE49F-55E4-41D7-8373-6E7938B50B39}.Debug|Any CPU.ActiveCfg = Debug|Any CPU
		{D19AE49F-55E4-41D7-8373-6E7938B50B39}.Debug|Any CPU.Build.0 = Debug|Any CPU
		{D19AE49F-55E4-41D7-8373-6E7938B50B39}.Release|Any CPU.ActiveCfg = Release|Any CPU
		{D19AE49F-55E4-41D7-8373-6E7938B50B39}.Release|Any CPU.Build.0 = Release|Any CPU
		{C559A0A5-E550-466D-85B8-3F66666831B2}.Debug|Any CPU.ActiveCfg = Debug|Any CPU
		{C559A0A5-E550-466D-85B8-3F66666831B2}.Debug|Any CPU.Build.0 = Debug|Any CPU
		{C559A0A5-E550-466D-85B8-3F66666831B2}.Release|Any CPU.ActiveCfg = Release|Any CPU
		{C559A0A5-E550-466D-85B8-3F66666831B2}.Release|Any CPU.Build.0 = Release|Any CPU
	EndGlobalSection
	GlobalSection(SolutionProperties) = preSolution
		HideSolutionNode = FALSE
	EndGlobalSection
	GlobalSection(NestedProjects) = preSolution
		{8E622C44-5DB0-44D4-963F-EE121F10E2C0} = {730CFF76-98B7-42DC-BFB8-00736069D2A2}
		{965624B8-A259-4345-BDE2-64912AFC99C3} = {8E622C44-5DB0-44D4-963F-EE121F10E2C0}
		{D703A5D3-764B-472B-80CD-946E18DAA74C} = {730CFF76-98B7-42DC-BFB8-00736069D2A2}
		{C559A0A5-E550-466D-85B8-3F66666831B2} = {D703A5D3-764B-472B-80CD-946E18DAA74C}
	EndGlobalSection
	GlobalSection(ExtensibilityGlobals) = postSolution
		SolutionGuid = {120D925E-05B9-4CAA-91E9-E23C8189204D}
	EndGlobalSection
EndGlobal
